
Microsoft Visual Studio Solution File, Format Version 12.00
# Visual Studio Version 16
VisualStudioVersion = 16.0.30128.74
MinimumVisualStudioVersion = 10.0.40219.1
Project("{9092AA53-FB77-4645-B42D-1CCCA6BD08BD}") = "starter", "starter.njsproj", "{98C3E2D2-397E-4659-8EE8-F718BCCA9D34}"
EndProject
Global
	GlobalSection(SolutionConfigurationPlatforms) = preSolution
		Debug|Any CPU = Debug|Any CPU
		Release|Any CPU = Release|Any CPU
	EndGlobalSection
	GlobalSection(ProjectConfigurationPlatforms) = postSolution
		{98C3E2D2-397E-4659-8EE8-F718BCCA9D34}.Debug|Any CPU.ActiveCfg = Debug|Any CPU
		{98C3E2D2-397E-4659-8EE8-F718BCCA9D34}.Debug|Any CPU.Build.0 = Debug|Any CPU
		{98C3E2D2-397E-4659-8EE8-F718BCCA9D34}.Release|Any CPU.ActiveCfg = Release|Any CPU
		{98C3E2D2-397E-4659-8EE8-F718BCCA9D34}.Release|Any CPU.Build.0 = Release|Any CPU
	EndGlobalSection
	GlobalSection(SolutionProperties) = preSolution
		HideSolutionNode = FALSE
	EndGlobalSection
	GlobalSection(ExtensibilityGlobals) = postSolution
		SolutionGuid = {4360D0B4-EC66-46C5-B751-4C09125F5E59}
	EndGlobalSection
EndGlobal
